
Microsoft Visual Studio Solution File, Format Version 12.00
# Visual Studio Version 17
VisualStudioVersion = 17.7.34031.279
MinimumVisualStudioVersion = 10.0.40219.1
Project("{8BC9CEB8-8B4A-11D0-8D11-00A0C91BC942}") = "3.1", "3.1.vcxproj", "{A170605E-234D-4FF8-841C-2925432D1DA6}"
EndProject
Global
	GlobalSection(SolutionConfigurationPlatforms) = preSolution
		Debug|x64 = Debug|x64
		Debug|x86 = Debug|x86
		Release|x64 = Release|x64
		Release|x86 = Release|x86
	EndGlobalSection
	GlobalSection(ProjectConfigurationPlatforms) = postSolution
		{A170605E-234D-4FF8-841C-2925432D1DA6}.Debug|x64.ActiveCfg = Debug|x64
		{A170605E-234D-4FF8-841C-2925432D1DA6}.Debug|x64.Build.0 = Debug|x64
		{A170605E-234D-4FF8-841C-2925432D1DA6}.Debug|x86.ActiveCfg = Debug|Win32
		{A170605E-234D-4FF8-841C-2925432D1DA6}.Debug|x86.Build.0 = Debug|Win32
		{A170605E-234D-4FF8-841C-2925432D1DA6}.Release|x64.ActiveCfg = Release|x64
		{A170605E-234D-4FF8-841C-2925432D1DA6}.Release|x64.Build.0 = Release|x64
		{A170605E-234D-4FF8-841C-2925432D1DA6}.Release|x86.ActiveCfg = Release|Win32
		{A170605E-234D-4FF8-841C-2925432D1DA6}.Release|x86.Build.0 = Release|Win32
	EndGlobalSection
	GlobalSection(SolutionProperties) = preSolution
		HideSolutionNode = FALSE
	EndGlobalSection
	GlobalSection(ExtensibilityGlobals) = postSolution
		SolutionGuid = {9C93CFE1-23BC-45B8-8740-49B5BA1D6BF1}
	EndGlobalSection
EndGlobal
